
Microsoft Visual Studio Solution File, Format Version 12.00
# Visual Studio Version 17
VisualStudioVersion = 17.14.36301.6 d17.14
MinimumVisualStudioVersion = 10.0.40219.1
Project("{FAE04EC0-301F-11D3-BF4B-00C04F79EFBC}") = "Shared", "Shared\Shared.csproj", "{18CACDCA-73D7-4C52-B317-36DA3939CEE7}"
EndProject
Project("{FAE04EC0-301F-11D3-BF4B-00C04F79EFBC}") = "Producer", "Producer\Producer.csproj", "{FB80E648-9A20-4CF3-9576-CE7199194021}"
EndProject
Project("{FAE04EC0-301F-11D3-BF4B-00C04F79EFBC}") = "Consumer", "Consumer\Consumer.csproj", "{830E287B-2C07-47C8-8AC7-700F7112605B}"
EndProject
Global
	GlobalSection(SolutionConfigurationPlatforms) = preSolution
		Debug|Any CPU = Debug|Any CPU
		Release|Any CPU = Release|Any CPU
	EndGlobalSection
	GlobalSection(ProjectConfigurationPlatforms) = postSolution
		{18CACDCA-73D7-4C52-B317-36DA3939CEE7}.Debug|Any CPU.ActiveCfg = Debug|Any CPU
		{18CACDCA-73D7-4C52-B317-36DA3939CEE7}.Debug|Any CPU.Build.0 = Debug|Any CPU
		{18CACDCA-73D7-4C52-B317-36DA3939CEE7}.Release|Any CPU.ActiveCfg = Release|Any CPU
		{18CACDCA-73D7-4C52-B317-36DA3939CEE7}.Release|Any CPU.Build.0 = Release|Any CPU
		{FB80E648-9A20-4CF3-9576-CE7199194021}.Debug|Any CPU.ActiveCfg = Debug|Any CPU
		{FB80E648-9A20-4CF3-9576-CE7199194021}.Debug|Any CPU.Build.0 = Debug|Any CPU
		{FB80E648-9A20-4CF3-9576-CE7199194021}.Release|Any CPU.ActiveCfg = Release|Any CPU
		{FB80E648-9A20-4CF3-9576-CE7199194021}.Release|Any CPU.Build.0 = Release|Any CPU
		{830E287B-2C07-47C8-8AC7-700F7112605B}.Debug|Any CPU.ActiveCfg = Debug|Any CPU
		{830E287B-2C07-47C8-8AC7-700F7112605B}.Debug|Any CPU.Build.0 = Debug|Any CPU
		{830E287B-2C07-47C8-8AC7-700F7112605B}.Release|Any CPU.ActiveCfg = Release|Any CPU
		{830E287B-2C07-47C8-8AC7-700F7112605B}.Release|Any CPU.Build.0 = Release|Any CPU
	EndGlobalSection
	GlobalSection(SolutionProperties) = preSolution
		HideSolutionNode = FALSE
	EndGlobalSection
	GlobalSection(ExtensibilityGlobals) = postSolution
		SolutionGuid = {5A0EBD5A-BE72-4EE0-8AC0-E5E64E9953F7}
	EndGlobalSection
EndGlobal
